// !$*UTF8*$!
{
	archiveVersion = 1;
	classes = {
	};
	objectVersion = 77;
	objects = {

/* Begin PBXBuildFile section */
		8171EEB02F49D2F8009E3CA1 /* WeatherAssembly.swift in Sources */ = {isa = PBXBuildFile; fileRef = 8171EEAF2F49D2F8009E3CA1 /* WeatherAssembly.swift */; };
		8171EEB22F49D32A009E3CA1 /* WeatherViewController.swift in Sources */ = {isa = PBXBuildFile; fileRef = 8171EEB12F49D32A009E3CA1 /* WeatherViewController.swift */; };
		8171EEB42F49D359009E3CA1 /* WeatherPresenter.swift in Sources */ = {isa = PBXBuildFile; fileRef = 8171EEB32F49D359009E3CA1 /* WeatherPresenter.swift */; };
		8171EEB62F49D367009E3CA1 /* WeatherInteractor.swift in Sources */ = {isa = PBXBuildFile; fileRef = 8171EEB52F49D367009E3CA1 /* WeatherInteractor.swift */; };
		8171EEB82F49D376009E3CA1 /* WeatherRouter.swift in Sources */ = {isa = PBXBuildFile; fileRef = 8171EEB72F49D376009E3CA1 /* WeatherRouter.swift */; };
		8171EEC02F49D57D009E3CA1 /* NetworkClient.swift in Sources */ = {isa = PBXBuildFile; fileRef = 8171EEBF2F49D57D009E3CA1 /* NetworkClient.swift */; };
		8171EECA2F49DEA0009E3CA1 /* LocationService.swift in Sources */ = {isa = PBXBuildFile; fileRef = 8171EEC92F49DEA0009E3CA1 /* LocationService.swift */; };
		8171EECD2F49E107009E3CA1 /* ViewModel.swift in Sources */ = {isa = PBXBuildFile; fileRef = 8171EECC2F49E107009E3CA1 /* ViewModel.swift */; };
		8171EED02F49E467009E3CA1 /* CurrentCell.swift in Sources */ = {isa = PBXBuildFile; fileRef = 8171EECF2F49E467009E3CA1 /* CurrentCell.swift */; };
		8171EED22F49E478009E3CA1 /* HourlyCell.swift in Sources */ = {isa = PBXBuildFile; fileRef = 8171EED12F49E478009E3CA1 /* HourlyCell.swift */; };
		8171EED42F49E487009E3CA1 /* ForecastCell.swift in Sources */ = {isa = PBXBuildFile; fileRef = 8171EED32F49E487009E3CA1 /* ForecastCell.swift */; };
		8171EED72F4A02C4009E3CA1 /* NetworkError.swift in Sources */ = {isa = PBXBuildFile; fileRef = 8171EED62F4A02C4009E3CA1 /* NetworkError.swift */; };
		8171EED92F4A02D3009E3CA1 /* NetworkClientProtocol.swift in Sources */ = {isa = PBXBuildFile; fileRef = 8171EED82F4A02D3009E3CA1 /* NetworkClientProtocol.swift */; };
		8171EEDB2F4A02F5009E3CA1 /* LocationServiceProtocol.swift in Sources */ = {isa = PBXBuildFile; fileRef = 8171EEDA2F4A02F5009E3CA1 /* LocationServiceProtocol.swift */; };
		8171EEDE2F4A0327009E3CA1 /* WeatherCacheProtocol.swift in Sources */ = {isa = PBXBuildFile; fileRef = 8171EEDD2F4A0327009E3CA1 /* WeatherCacheProtocol.swift */; };
		8171EEE02F4A0334009E3CA1 /* WeatherCacheService.swift in Sources */ = {isa = PBXBuildFile; fileRef = 8171EEDF2F4A0334009E3CA1 /* WeatherCacheService.swift */; };
		8171EEE92F4A04C9009E3CA1 /* WeatherDomainModel.swift in Sources */ = {isa = PBXBuildFile; fileRef = 8171EEE82F4A04C9009E3CA1 /* WeatherDomainModel.swift */; };
		8171EEEB2F4A04DF009E3CA1 /* ForecastResponseDTO.swift in Sources */ = {isa = PBXBuildFile; fileRef = 8171EEEA2F4A04DF009E3CA1 /* ForecastResponseDTO.swift */; };
		8171EEED2F4A04F2009E3CA1 /* WeatherMapperProtocol.swift in Sources */ = {isa = PBXBuildFile; fileRef = 8171EEEC2F4A04F2009E3CA1 /* WeatherMapperProtocol.swift */; };
		8171EEEF2F4A0501009E3CA1 /* WeatherMapper.swift in Sources */ = {isa = PBXBuildFile; fileRef = 8171EEEE2F4A0501009E3CA1 /* WeatherMapper.swift */; };
		8171EEF12F4A0516009E3CA1 /* WeatherServiceProtocol.swift in Sources */ = {isa = PBXBuildFile; fileRef = 8171EEF02F4A0516009E3CA1 /* WeatherServiceProtocol.swift */; };
		8171EEF32F4A0526009E3CA1 /* WeatherService.swift in Sources */ = {isa = PBXBuildFile; fileRef = 8171EEF22F4A0526009E3CA1 /* WeatherService.swift */; };
		8171EEF52F4A057E009E3CA1 /* WeatherInteractorProtocol.swift in Sources */ = {isa = PBXBuildFile; fileRef = 8171EEF42F4A057E009E3CA1 /* WeatherInteractorProtocol.swift */; };
		8171EEF72F4A05B0009E3CA1 /* WeatherInteractorOutput.swift in Sources */ = {isa = PBXBuildFile; fileRef = 8171EEF62F4A05B0009E3CA1 /* WeatherInteractorOutput.swift */; };
		8171EEF92F4A05E9009E3CA1 /* WeatherPresenterProtocol.swift in Sources */ = {isa = PBXBuildFile; fileRef = 8171EEF82F4A05E9009E3CA1 /* WeatherPresenterProtocol.swift */; };
		8171EEFB2F4A0689009E3CA1 /* WeatherViewProtocol.swift in Sources */ = {isa = PBXBuildFile; fileRef = 8171EEFA2F4A0689009E3CA1 /* WeatherViewProtocol.swift */; };
		8171EEFD2F4A069E009E3CA1 /* WeatherRouterProtocol.swift in Sources */ = {isa = PBXBuildFile; fileRef = 8171EEFC2F4A069E009E3CA1 /* WeatherRouterProtocol.swift */; };
		8192D7832F48957A00878BDF /* AppDelegate.swift in Sources */ = {isa = PBXBuildFile; fileRef = 8192D7822F48957A00878BDF /* AppDelegate.swift */; };
		8192D7852F48957A00878BDF /* SceneDelegate.swift in Sources */ = {isa = PBXBuildFile; fileRef = 8192D7842F48957A00878BDF /* SceneDelegate.swift */; };
		8192D78C2F48957C00878BDF /* Assets.xcassets in Resources */ = {isa = PBXBuildFile; fileRef = 8192D78B2F48957C00878BDF /* Assets.xcassets */; };
		8192D78F2F48957C00878BDF /* LaunchScreen.storyboard in Resources */ = {isa = PBXBuildFile; fileRef = 8192D78D2F48957C00878BDF /* LaunchScreen.storyboard */; };
/* End PBXBuildFile section */

/* Begin PBXFileReference section */
		8171EEAF2F49D2F8009E3CA1 /* WeatherAssembly.swift */ = {isa = PBXFileReference; lastKnownFileType = sourcecode.swift; path = WeatherAssembly.swift; sourceTree = "<group>"; };
		8171EEB12F49D32A009E3CA1 /* WeatherViewController.swift */ = {isa = PBXFileReference; lastKnownFileType = sourcecode.swift; path = WeatherViewController.swift; sourceTree = "<group>"; };
		8171EEB32F49D359009E3CA1 /* WeatherPresenter.swift */ = {isa = PBXFileReference; lastKnownFileType = sourcecode.swift; path = WeatherPresenter.swift; sourceTree = "<group>"; };
		8171EEB52F49D367009E3CA1 /* WeatherInteractor.swift */ = {isa = PBXFileReference; lastKnownFileType = sourcecode.swift; path = WeatherInteractor.swift; sourceTree = "<group>"; };
		8171EEB72F49D376009E3CA1 /* WeatherRouter.swift */ = {isa = PBXFileReference; lastKnownFileType = sourcecode.swift; path = WeatherRouter.swift; sourceTree = "<group>"; };
		8171EEBF2F49D57D009E3CA1 /* NetworkClient.swift */ = {isa = PBXFileReference; lastKnownFileType = sourcecode.swift; path = NetworkClient.swift; sourceTree = "<group>"; };
		8171EEC92F49DEA0009E3CA1 /* LocationService.swift */ = {isa = PBXFileReference; lastKnownFileType = sourcecode.swift; path = LocationService.swift; sourceTree = "<group>"; };
		8171EECC2F49E107009E3CA1 /* ViewModel.swift */ = {isa = PBXFileReference; lastKnownFileType = sourcecode.swift; path = ViewModel.swift; sourceTree = "<group>"; };
		8171EECF2F49E467009E3CA1 /* CurrentCell.swift */ = {isa = PBXFileReference; lastKnownFileType = sourcecode.swift; path = CurrentCell.swift; sourceTree = "<group>"; };
		8171EED12F49E478009E3CA1 /* HourlyCell.swift */ = {isa = PBXFileReference; lastKnownFileType = sourcecode.swift; path = HourlyCell.swift; sourceTree = "<group>"; };
		8171EED32F49E487009E3CA1 /* ForecastCell.swift */ = {isa = PBXFileReference; lastKnownFileType = sourcecode.swift; path = ForecastCell.swift; sourceTree = "<group>"; };
		8171EED62F4A02C4009E3CA1 /* NetworkError.swift */ = {isa = PBXFileReference; lastKnownFileType = sourcecode.swift; path = NetworkError.swift; sourceTree = "<group>"; };
		8171EED82F4A02D3009E3CA1 /* NetworkClientProtocol.swift */ = {isa = PBXFileReference; lastKnownFileType = sourcecode.swift; path = NetworkClientProtocol.swift; sourceTree = "<group>"; };
		8171EEDA2F4A02F5009E3CA1 /* LocationServiceProtocol.swift */ = {isa = PBXFileReference; lastKnownFileType = sourcecode.swift; path = LocationServiceProtocol.swift; sourceTree = "<group>"; };
		8171EEDD2F4A0327009E3CA1 /* WeatherCacheProtocol.swift */ = {isa = PBXFileReference; lastKnownFileType = sourcecode.swift; path = WeatherCacheProtocol.swift; sourceTree = "<group>"; };
		8171EEDF2F4A0334009E3CA1 /* WeatherCacheService.swift */ = {isa = PBXFileReference; lastKnownFileType = sourcecode.swift; path = WeatherCacheService.swift; sourceTree = "<group>"; };
		8171EEE82F4A04C9009E3CA1 /* WeatherDomainModel.swift */ = {isa = PBXFileReference; lastKnownFileType = sourcecode.swift; path = WeatherDomainModel.swift; sourceTree = "<group>"; };
		8171EEEA2F4A04DF009E3CA1 /* ForecastResponseDTO.swift */ = {isa = PBXFileReference; lastKnownFileType = sourcecode.swift; path = ForecastResponseDTO.swift; sourceTree = "<group>"; };
		8171EEEC2F4A04F2009E3CA1 /* WeatherMapperProtocol.swift */ = {isa = PBXFileReference; lastKnownFileType = sourcecode.swift; path = WeatherMapperProtocol.swift; sourceTree = "<group>"; };
		8171EEEE2F4A0501009E3CA1 /* WeatherMapper.swift */ = {isa = PBXFileReference; lastKnownFileType = sourcecode.swift; path = WeatherMapper.swift; sourceTree = "<group>"; };
		8171EEF02F4A0516009E3CA1 /* WeatherServiceProtocol.swift */ = {isa = PBXFileReference; lastKnownFileType = sourcecode.swift; path = WeatherServiceProtocol.swift; sourceTree = "<group>"; };
		8171EEF22F4A0526009E3CA1 /* WeatherService.swift */ = {isa = PBXFileReference; lastKnownFileType = sourcecode.swift; path = WeatherService.swift; sourceTree = "<group>"; };
		8171EEF42F4A057E009E3CA1 /* WeatherInteractorProtocol.swift */ = {isa = PBXFileReference; lastKnownFileType = sourcecode.swift; path = WeatherInteractorProtocol.swift; sourceTree = "<group>"; };
		8171EEF62F4A05B0009E3CA1 /* WeatherInteractorOutput.swift */ = {isa = PBXFileReference; lastKnownFileType = sourcecode.swift; path = WeatherInteractorOutput.swift; sourceTree = "<group>"; };
		8171EEF82F4A05E9009E3CA1 /* WeatherPresenterProtocol.swift */ = {isa = PBXFileReference; lastKnownFileType = sourcecode.swift; path = WeatherPresenterProtocol.swift; sourceTree = "<group>"; };
		8171EEFA2F4A0689009E3CA1 /* WeatherViewProtocol.swift */ = {isa = PBXFileReference; lastKnownFileType = sourcecode.swift; path = WeatherViewProtocol.swift; sourceTree = "<group>"; };
		8171EEFC2F4A069E009E3CA1 /* WeatherRouterProtocol.swift */ = {isa = PBXFileReference; lastKnownFileType = sourcecode.swift; path = WeatherRouterProtocol.swift; sourceTree = "<group>"; };
		8192D77F2F48957A00878BDF /* PowerInternationalTyres-WeatherApp.app */ = {isa = PBXFileReference; explicitFileType = wrapper.application; includeInIndex = 0; path = "PowerInternationalTyres-WeatherApp.app"; sourceTree = BUILT_PRODUCTS_DIR; };
		8192D7822F48957A00878BDF /* AppDelegate.swift */ = {isa = PBXFileReference; lastKnownFileType = sourcecode.swift; path = AppDelegate.swift; sourceTree = "<group>"; };
		8192D7842F48957A00878BDF /* SceneDelegate.swift */ = {isa = PBXFileReference; lastKnownFileType = sourcecode.swift; path = SceneDelegate.swift; sourceTree = "<group>"; };
		8192D78B2F48957C00878BDF /* Assets.xcassets */ = {isa = PBXFileReference; lastKnownFileType = folder.assetcatalog; path = Assets.xcassets; sourceTree = "<group>"; };
		8192D78E2F48957C00878BDF /* Base */ = {isa = PBXFileReference; lastKnownFileType = file.storyboard; name = Base; path = Base.lproj/LaunchScreen.storyboard; sourceTree = "<group>"; };
		8192D7902F48957C00878BDF /* Info.plist */ = {isa = PBXFileReference; lastKnownFileType = text.plist.xml; path = Info.plist; sourceTree = "<group>"; };
/* End PBXFileReference section */

/* Begin PBXFrameworksBuildPhase section */
		8192D77C2F48957A00878BDF /* Frameworks */ = {
			isa = PBXFrameworksBuildPhase;
			buildActionMask = 2147483647;
			files = (
			);
			runOnlyForDeploymentPostprocessing = 0;
		};
/* End PBXFrameworksBuildPhase section */

/* Begin PBXGroup section */
		8171EE942F49D06A009E3CA1 /* Weather */ = {
			isa = PBXGroup;
			children = (
				8171EEE12F4A0394009E3CA1 /* Assembly */,
				8171EE952F49D078009E3CA1 /* View */,
				8171EE962F49D07F009E3CA1 /* Presenter */,
				8171EE972F49D08A009E3CA1 /* Interactor */,
				8171EE982F49D094009E3CA1 /* Router */,
				8171EEE22F4A03BD009E3CA1 /* Entity */,
				8171EEE32F4A03C6009E3CA1 /* Data */,
				8171EEE42F4A03DF009E3CA1 /* Utils */,
			);
			path = Weather;
			sourceTree = "<group>";
		};
		8171EE952F49D078009E3CA1 /* View */ = {
			isa = PBXGroup;
			children = (
				8171EECE2F49E452009E3CA1 /* Cells */,
				8171EEB12F49D32A009E3CA1 /* WeatherViewController.swift */,
				8171EECC2F49E107009E3CA1 /* ViewModel.swift */,
				8171EEFA2F4A0689009E3CA1 /* WeatherViewProtocol.swift */,
			);
			path = View;
			sourceTree = "<group>";
		};
		8171EE962F49D07F009E3CA1 /* Presenter */ = {
			isa = PBXGroup;
			children = (
				8171EEB32F49D359009E3CA1 /* WeatherPresenter.swift */,
				8171EEF82F4A05E9009E3CA1 /* WeatherPresenterProtocol.swift */,
			);
			path = Presenter;
			sourceTree = "<group>";
		};
		8171EE972F49D08A009E3CA1 /* Interactor */ = {
			isa = PBXGroup;
			children = (
				8171EEB52F49D367009E3CA1 /* WeatherInteractor.swift */,
				8171EEF42F4A057E009E3CA1 /* WeatherInteractorProtocol.swift */,
				8171EEF62F4A05B0009E3CA1 /* WeatherInteractorOutput.swift */,
			);
			path = Interactor;
			sourceTree = "<group>";
		};
		8171EE982F49D094009E3CA1 /* Router */ = {
			isa = PBXGroup;
			children = (
				8171EEB72F49D376009E3CA1 /* WeatherRouter.swift */,
				8171EEFC2F4A069E009E3CA1 /* WeatherRouterProtocol.swift */,
			);
			path = Router;
			sourceTree = "<group>";
		};
		8171EEAC2F49D0DB009E3CA1 /* Network */ = {
			isa = PBXGroup;
			children = (
				8171EEBF2F49D57D009E3CA1 /* NetworkClient.swift */,
				8171EED62F4A02C4009E3CA1 /* NetworkError.swift */,
				8171EED82F4A02D3009E3CA1 /* NetworkClientProtocol.swift */,
			);
			path = Network;
			sourceTree = "<group>";
		};
		8171EEC82F49D9A0009E3CA1 /* Location */ = {
			isa = PBXGroup;
			children = (
				8171EEC92F49DEA0009E3CA1 /* LocationService.swift */,
				8171EEDA2F4A02F5009E3CA1 /* LocationServiceProtocol.swift */,
			);
			path = Location;
			sourceTree = "<group>";
		};
		8171EECE2F49E452009E3CA1 /* Cells */ = {
			isa = PBXGroup;
			children = (
				8171EECF2F49E467009E3CA1 /* CurrentCell.swift */,
				8171EED12F49E478009E3CA1 /* HourlyCell.swift */,
				8171EED32F49E487009E3CA1 /* ForecastCell.swift */,
			);
			path = Cells;
			sourceTree = "<group>";
		};
		8171EEDC2F4A031C009E3CA1 /* Cache */ = {
			isa = PBXGroup;
			children = (
				8171EEDD2F4A0327009E3CA1 /* WeatherCacheProtocol.swift */,
				8171EEDF2F4A0334009E3CA1 /* WeatherCacheService.swift */,
			);
			path = Cache;
			sourceTree = "<group>";
		};
		8171EEE12F4A0394009E3CA1 /* Assembly */ = {
			isa = PBXGroup;
			children = (
				8171EEAF2F49D2F8009E3CA1 /* WeatherAssembly.swift */,
			);
			path = Assembly;
			sourceTree = "<group>";
		};
		8171EEE22F4A03BD009E3CA1 /* Entity */ = {
			isa = PBXGroup;
			children = (
				8171EEE82F4A04C9009E3CA1 /* WeatherDomainModel.swift */,
			);
			path = Entity;
			sourceTree = "<group>";
		};
		8171EEE32F4A03C6009E3CA1 /* Data */ = {
			isa = PBXGroup;
			children = (
				8171EEE72F4A0443009E3CA1 /* Mapper */,
				8171EEE62F4A043E009E3CA1 /* Service */,
				8171EEE52F4A0433009E3CA1 /* DTO */,
			);
			path = Data;
			sourceTree = "<group>";
		};
		8171EEE42F4A03DF009E3CA1 /* Utils */ = {
			isa = PBXGroup;
			children = (
			);
			path = Utils;
			sourceTree = "<group>";
		};
		8171EEE52F4A0433009E3CA1 /* DTO */ = {
			isa = PBXGroup;
			children = (
				8171EEEA2F4A04DF009E3CA1 /* ForecastResponseDTO.swift */,
			);
			path = DTO;
			sourceTree = "<group>";
		};
		8171EEE62F4A043E009E3CA1 /* Service */ = {
			isa = PBXGroup;
			children = (
				8171EEF02F4A0516009E3CA1 /* WeatherServiceProtocol.swift */,
				8171EEF22F4A0526009E3CA1 /* WeatherService.swift */,
			);
			path = Service;
			sourceTree = "<group>";
		};
		8171EEE72F4A0443009E3CA1 /* Mapper */ = {
			isa = PBXGroup;
			children = (
				8171EEEC2F4A04F2009E3CA1 /* WeatherMapperProtocol.swift */,
				8171EEEE2F4A0501009E3CA1 /* WeatherMapper.swift */,
			);
			path = Mapper;
			sourceTree = "<group>";
		};
		8192D7762F48957A00878BDF = {
			isa = PBXGroup;
			children = (
				8192D7A92F489B4000878BDF /* App */,
				8192D7AA2F489B4B00878BDF /* Core */,
				8192D7AC2F489B7800878BDF /* Modules */,
				8192D7802F48957A00878BDF /* Products */,
				8192D7AD2F489B8F00878BDF /* Resources */,
			);
			sourceTree = "<group>";
		};
		8192D7802F48957A00878BDF /* Products */ = {
			isa = PBXGroup;
			children = (
				8192D77F2F48957A00878BDF /* PowerInternationalTyres-WeatherApp.app */,
			);
			name = Products;
			sourceTree = "<group>";
		};
		8192D7A92F489B4000878BDF /* App */ = {
			isa = PBXGroup;
			children = (
				8192D7822F48957A00878BDF /* AppDelegate.swift */,
				8192D7842F48957A00878BDF /* SceneDelegate.swift */,
			);
			path = App;
			sourceTree = "<group>";
		};
		8192D7AA2F489B4B00878BDF /* Core */ = {
			isa = PBXGroup;
			children = (
				8171EEDC2F4A031C009E3CA1 /* Cache */,
				8171EEC82F49D9A0009E3CA1 /* Location */,
				8171EEAC2F49D0DB009E3CA1 /* Network */,
			);
			path = Core;
			sourceTree = "<group>";
		};
		8192D7AC2F489B7800878BDF /* Modules */ = {
			isa = PBXGroup;
			children = (
				8171EE942F49D06A009E3CA1 /* Weather */,
			);
			path = Modules;
			sourceTree = "<group>";
		};
		8192D7AD2F489B8F00878BDF /* Resources */ = {
			isa = PBXGroup;
			children = (
				8192D78B2F48957C00878BDF /* Assets.xcassets */,
				8192D7902F48957C00878BDF /* Info.plist */,
				8192D78D2F48957C00878BDF /* LaunchScreen.storyboard */,
			);
			path = Resources;
			sourceTree = "<group>";
		};
/* End PBXGroup section */

/* Begin PBXNativeTarget section */
		8192D77E2F48957A00878BDF /* PowerInternationalTyres-WeatherApp */ = {
			isa = PBXNativeTarget;
			buildConfigurationList = 8192D7922F48957C00878BDF /* Build configuration list for PBXNativeTarget "PowerInternationalTyres-WeatherApp" */;
			buildPhases = (
				8192D77B2F48957A00878BDF /* Sources */,
				8192D77C2F48957A00878BDF /* Frameworks */,
				8192D77D2F48957A00878BDF /* Resources */,
			);
			buildRules = (
			);
			dependencies = (
			);
			name = "PowerInternationalTyres-WeatherApp";
			packageProductDependencies = (
			);
			productName = "PowerInternationalTyres-WeatherApp";
			productReference = 8192D77F2F48957A00878BDF /* PowerInternationalTyres-WeatherApp.app */;
			productType = "com.apple.product-type.application";
		};
/* End PBXNativeTarget section */

/* Begin PBXProject section */
		8192D7772F48957A00878BDF /* Project object */ = {
			isa = PBXProject;
			attributes = {
				BuildIndependentTargetsInParallel = 1;
				LastSwiftUpdateCheck = 2620;
				LastUpgradeCheck = 2620;
				TargetAttributes = {
					8192D77E2F48957A00878BDF = {
						CreatedOnToolsVersion = 26.2;
					};
				};
			};
			buildConfigurationList = 8192D77A2F48957A00878BDF /* Build configuration list for PBXProject "PowerInternationalTyres-WeatherApp" */;
			developmentRegion = en;
			hasScannedForEncodings = 0;
			knownRegions = (
				en,
				Base,
			);
			mainGroup = 8192D7762F48957A00878BDF;
			minimizedProjectReferenceProxies = 1;
			preferredProjectObjectVersion = 77;
			productRefGroup = 8192D7802F48957A00878BDF /* Products */;
			projectDirPath = "";
			projectRoot = "";
			targets = (
				8192D77E2F48957A00878BDF /* PowerInternationalTyres-WeatherApp */,
			);
		};
/* End PBXProject section */

/* Begin PBXResourcesBuildPhase section */
		8192D77D2F48957A00878BDF /* Resources */ = {
			isa = PBXResourcesBuildPhase;
			buildActionMask = 2147483647;
			files = (
				8192D78F2F48957C00878BDF /* LaunchScreen.storyboard in Resources */,
				8192D78C2F48957C00878BDF /* Assets.xcassets in Resources */,
			);
			runOnlyForDeploymentPostprocessing = 0;
		};
/* End PBXResourcesBuildPhase section */

/* Begin PBXSourcesBuildPhase section */
		8192D77B2F48957A00878BDF /* Sources */ = {
			isa = PBXSourcesBuildPhase;
			buildActionMask = 2147483647;
			files = (
				8171EED42F49E487009E3CA1 /* ForecastCell.swift in Sources */,
				8192D7832F48957A00878BDF /* AppDelegate.swift in Sources */,
				8171EEB42F49D359009E3CA1 /* WeatherPresenter.swift in Sources */,
				8171EEB22F49D32A009E3CA1 /* WeatherViewController.swift in Sources */,
				8171EECD2F49E107009E3CA1 /* ViewModel.swift in Sources */,
				8171EEFB2F4A0689009E3CA1 /* WeatherViewProtocol.swift in Sources */,
				8171EED22F49E478009E3CA1 /* HourlyCell.swift in Sources */,
				8192D7852F48957A00878BDF /* SceneDelegate.swift in Sources */,
				8171EEF52F4A057E009E3CA1 /* WeatherInteractorProtocol.swift in Sources */,
				8171EEED2F4A04F2009E3CA1 /* WeatherMapperProtocol.swift in Sources */,
				8171EEDE2F4A0327009E3CA1 /* WeatherCacheProtocol.swift in Sources */,
				8171EEB02F49D2F8009E3CA1 /* WeatherAssembly.swift in Sources */,
				8171EEB62F49D367009E3CA1 /* WeatherInteractor.swift in Sources */,
				8171EECA2F49DEA0009E3CA1 /* LocationService.swift in Sources */,
				8171EEDB2F4A02F5009E3CA1 /* LocationServiceProtocol.swift in Sources */,
				8171EEB82F49D376009E3CA1 /* WeatherRouter.swift in Sources */,
				8171EED72F4A02C4009E3CA1 /* NetworkError.swift in Sources */,
				8171EEEF2F4A0501009E3CA1 /* WeatherMapper.swift in Sources */,
				8171EEC02F49D57D009E3CA1 /* NetworkClient.swift in Sources */,
				8171EEF92F4A05E9009E3CA1 /* WeatherPresenterProtocol.swift in Sources */,
				8171EEF12F4A0516009E3CA1 /* WeatherServiceProtocol.swift in Sources */,
				8171EEEB2F4A04DF009E3CA1 /* ForecastResponseDTO.swift in Sources */,
				8171EEF32F4A0526009E3CA1 /* WeatherService.swift in Sources */,
				8171EEFD2F4A069E009E3CA1 /* WeatherRouterProtocol.swift in Sources */,
				8171EEE92F4A04C9009E3CA1 /* WeatherDomainModel.swift in Sources */,
				8171EED92F4A02D3009E3CA1 /* NetworkClientProtocol.swift in Sources */,
				8171EEE02F4A0334009E3CA1 /* WeatherCacheService.swift in Sources */,
				8171EEF72F4A05B0009E3CA1 /* WeatherInteractorOutput.swift in Sources */,
				8171EED02F49E467009E3CA1 /* CurrentCell.swift in Sources */,
			);
			runOnlyForDeploymentPostprocessing = 0;
		};
/* End PBXSourcesBuildPhase section */

/* Begin PBXVariantGroup section */
		8192D78D2F48957C00878BDF /* LaunchScreen.storyboard */ = {
			isa = PBXVariantGroup;
			children = (
				8192D78E2F48957C00878BDF /* Base */,
			);
			name = LaunchScreen.storyboard;
			sourceTree = "<group>";
		};
/* End PBXVariantGroup section */

/* Begin XCBuildConfiguration section */
		8192D7932F48957C00878BDF /* Debug */ = {
			isa = XCBuildConfiguration;
			buildSettings = {
				ASSETCATALOG_COMPILER_APPICON_NAME = AppIcon;
				ASSETCATALOG_COMPILER_GLOBAL_ACCENT_COLOR_NAME = AccentColor;
				CODE_SIGN_STYLE = Automatic;
				CURRENT_PROJECT_VERSION = 1;
				DEVELOPMENT_TEAM = M6P36UUCJC;
				GENERATE_INFOPLIST_FILE = YES;
				INFOPLIST_FILE = Resources/Info.plist;
				INFOPLIST_KEY_NSLocationWhenInUseUsageDescription = "Geolocation is necessary to display personalized weather data.";
				INFOPLIST_KEY_UIApplicationSupportsIndirectInputEvents = YES;
				INFOPLIST_KEY_UILaunchStoryboardName = LaunchScreen;
				INFOPLIST_KEY_UISupportedInterfaceOrientations = UIInterfaceOrientationPortrait;
				INFOPLIST_KEY_UISupportedInterfaceOrientations_iPad = "UIInterfaceOrientationLandscapeLeft UIInterfaceOrientationLandscapeRight UIInterfaceOrientationPortrait UIInterfaceOrientationPortraitUpsideDown";
				IPHONEOS_DEPLOYMENT_TARGET = 16.0;
				LD_RUNPATH_SEARCH_PATHS = (
					"$(inherited)",
					"@executable_path/Frameworks",
				);
				MARKETING_VERSION = 1.0;
				PRODUCT_BUNDLE_IDENTIFIER = "MikhailEgorov.PowerInternationalTyres-WeatherApp";
				PRODUCT_NAME = "$(TARGET_NAME)";
				STRING_CATALOG_GENERATE_SYMBOLS = YES;
				SUPPORTED_PLATFORMS = "iphoneos iphonesimulator";
				SUPPORTS_MACCATALYST = NO;
				SUPPORTS_MAC_DESIGNED_FOR_IPHONE_IPAD = NO;
				SUPPORTS_XR_DESIGNED_FOR_IPHONE_IPAD = NO;
				SWIFT_APPROACHABLE_CONCURRENCY = YES;
				SWIFT_DEFAULT_ACTOR_ISOLATION = MainActor;
				SWIFT_EMIT_LOC_STRINGS = YES;
				SWIFT_UPCOMING_FEATURE_MEMBER_IMPORT_VISIBILITY = YES;
				SWIFT_VERSION = 5.0;
				TARGETED_DEVICE_FAMILY = 1;
			};
			name = Debug;
		};
		8192D7942F48957C00878BDF /* Release */ = {
			isa = XCBuildConfiguration;
			buildSettings = {
				ASSETCATALOG_COMPILER_APPICON_NAME = AppIcon;
				ASSETCATALOG_COMPILER_GLOBAL_ACCENT_COLOR_NAME = AccentColor;
				CODE_SIGN_STYLE = Automatic;
				CURRENT_PROJECT_VERSION = 1;
				DEVELOPMENT_TEAM = M6P36UUCJC;
				GENERATE_INFOPLIST_FILE = YES;
				INFOPLIST_FILE = Resources/Info.plist;
				INFOPLIST_KEY_NSLocationWhenInUseUsageDescription = "Geolocation is necessary to display personalized weather data.";
				INFOPLIST_KEY_UIApplicationSupportsIndirectInputEvents = YES;
				INFOPLIST_KEY_UILaunchStoryboardName = LaunchScreen;
				INFOPLIST_KEY_UISupportedInterfaceOrientations = UIInterfaceOrientationPortrait;
				INFOPLIST_KEY_UISupportedInterfaceOrientations_iPad = "UIInterfaceOrientationLandscapeLeft UIInterfaceOrientationLandscapeRight UIInterfaceOrientationPortrait UIInterfaceOrientationPortraitUpsideDown";
				IPHONEOS_DEPLOYMENT_TARGET = 16.0;
				LD_RUNPATH_SEARCH_PATHS = (
					"$(inherited)",
					"@executable_path/Frameworks",
				);
				MARKETING_VERSION = 1.0;
				PRODUCT_BUNDLE_IDENTIFIER = "MikhailEgorov.PowerInternationalTyres-WeatherApp";
				PRODUCT_NAME = "$(TARGET_NAME)";
				STRING_CATALOG_GENERATE_SYMBOLS = YES;
				SUPPORTED_PLATFORMS = "iphoneos iphonesimulator";
				SUPPORTS_MACCATALYST = NO;
				SUPPORTS_MAC_DESIGNED_FOR_IPHONE_IPAD = NO;
				SUPPORTS_XR_DESIGNED_FOR_IPHONE_IPAD = NO;
				SWIFT_APPROACHABLE_CONCURRENCY = YES;
				SWIFT_DEFAULT_ACTOR_ISOLATION = MainActor;
				SWIFT_EMIT_LOC_STRINGS = YES;
				SWIFT_UPCOMING_FEATURE_MEMBER_IMPORT_VISIBILITY = YES;
				SWIFT_VERSION = 5.0;
				TARGETED_DEVICE_FAMILY = 1;
			};
			name = Release;
		};
		8192D7952F48957C00878BDF /* Debug */ = {
			isa = XCBuildConfiguration;
			buildSettings = {
				ALWAYS_SEARCH_USER_PATHS = NO;
				ASSETCATALOG_COMPILER_GENERATE_SWIFT_ASSET_SYMBOL_EXTENSIONS = YES;
				CLANG_ANALYZER_NONNULL = YES;
				CLANG_ANALYZER_NUMBER_OBJECT_CONVERSION = YES_AGGRESSIVE;
				CLANG_CXX_LANGUAGE_STANDARD = "gnu++20";
				CLANG_ENABLE_MODULES = YES;
				CLANG_ENABLE_OBJC_ARC = YES;
				CLANG_ENABLE_OBJC_WEAK = YES;
				CLANG_WARN_BLOCK_CAPTURE_AUTORELEASING = YES;
				CLANG_WARN_BOOL_CONVERSION = YES;
				CLANG_WARN_COMMA = YES;
				CLANG_WARN_CONSTANT_CONVERSION = YES;
				CLANG_WARN_DEPRECATED_OBJC_IMPLEMENTATIONS = YES;
				CLANG_WARN_DIRECT_OBJC_ISA_USAGE = YES_ERROR;
				CLANG_WARN_DOCUMENTATION_COMMENTS = YES;
				CLANG_WARN_EMPTY_BODY = YES;
				CLANG_WARN_ENUM_CONVERSION = YES;
				CLANG_WARN_INFINITE_RECURSION = YES;
				CLANG_WARN_INT_CONVERSION = YES;
				CLANG_WARN_NON_LITERAL_NULL_CONVERSION = YES;
				CLANG_WARN_OBJC_IMPLICIT_RETAIN_SELF = YES;
				CLANG_WARN_OBJC_LITERAL_CONVERSION = YES;
				CLANG_WARN_OBJC_ROOT_CLASS = YES_ERROR;
				CLANG_WARN_QUOTED_INCLUDE_IN_FRAMEWORK_HEADER = YES;
				CLANG_WARN_RANGE_LOOP_ANALYSIS = YES;
				CLANG_WARN_STRICT_PROTOTYPES = YES;
				CLANG_WARN_SUSPICIOUS_MOVE = YES;
				CLANG_WARN_UNGUARDED_AVAILABILITY = YES_AGGRESSIVE;
				CLANG_WARN_UNREACHABLE_CODE = YES;
				CLANG_WARN__DUPLICATE_METHOD_MATCH = YES;
				COPY_PHASE_STRIP = NO;
				DEBUG_INFORMATION_FORMAT = dwarf;
				DEVELOPMENT_TEAM = M6P36UUCJC;
				ENABLE_STRICT_OBJC_MSGSEND = YES;
				ENABLE_TESTABILITY = YES;
				ENABLE_USER_SCRIPT_SANDBOXING = YES;
				GCC_C_LANGUAGE_STANDARD = gnu17;
				GCC_DYNAMIC_NO_PIC = NO;
				GCC_NO_COMMON_BLOCKS = YES;
				GCC_OPTIMIZATION_LEVEL = 0;
				GCC_PREPROCESSOR_DEFINITIONS = (
					"DEBUG=1",
					"$(inherited)",
				);
				GCC_WARN_64_TO_32_BIT_CONVERSION = YES;
				GCC_WARN_ABOUT_RETURN_TYPE = YES_ERROR;
				GCC_WARN_UNDECLARED_SELECTOR = YES;
				GCC_WARN_UNINITIALIZED_AUTOS = YES_AGGRESSIVE;
				GCC_WARN_UNUSED_FUNCTION = YES;
				GCC_WARN_UNUSED_VARIABLE = YES;
				IPHONEOS_DEPLOYMENT_TARGET = 26.2;
				LOCALIZATION_PREFERS_STRING_CATALOGS = YES;
				MTL_ENABLE_DEBUG_INFO = INCLUDE_SOURCE;
				MTL_FAST_MATH = YES;
				ONLY_ACTIVE_ARCH = YES;
				SDKROOT = iphoneos;
				SWIFT_ACTIVE_COMPILATION_CONDITIONS = "DEBUG $(inherited)";
				SWIFT_OPTIMIZATION_LEVEL = "-Onone";
			};
			name = Debug;
		};
		8192D7962F48957C00878BDF /* Release */ = {
			isa = XCBuildConfiguration;
			buildSettings = {
				ALWAYS_SEARCH_USER_PATHS = NO;
				ASSETCATALOG_COMPILER_GENERATE_SWIFT_ASSET_SYMBOL_EXTENSIONS = YES;
				CLANG_ANALYZER_NONNULL = YES;
				CLANG_ANALYZER_NUMBER_OBJECT_CONVERSION = YES_AGGRESSIVE;
				CLANG_CXX_LANGUAGE_STANDARD = "gnu++20";
				CLANG_ENABLE_MODULES = YES;
				CLANG_ENABLE_OBJC_ARC = YES;
				CLANG_ENABLE_OBJC_WEAK = YES;
				CLANG_WARN_BLOCK_CAPTURE_AUTORELEASING = YES;
				CLANG_WARN_BOOL_CONVERSION = YES;
				CLANG_WARN_COMMA = YES;
				CLANG_WARN_CONSTANT_CONVERSION = YES;
				CLANG_WARN_DEPRECATED_OBJC_IMPLEMENTATIONS = YES;
				CLANG_WARN_DIRECT_OBJC_ISA_USAGE = YES_ERROR;
				CLANG_WARN_DOCUMENTATION_COMMENTS = YES;
				CLANG_WARN_EMPTY_BODY = YES;
				CLANG_WARN_ENUM_CONVERSION = YES;
				CLANG_WARN_INFINITE_RECURSION = YES;
				CLANG_WARN_INT_CONVERSION = YES;
				CLANG_WARN_NON_LITERAL_NULL_CONVERSION = YES;
				CLANG_WARN_OBJC_IMPLICIT_RETAIN_SELF = YES;
				CLANG_WARN_OBJC_LITERAL_CONVERSION = YES;
				CLANG_WARN_OBJC_ROOT_CLASS = YES_ERROR;
				CLANG_WARN_QUOTED_INCLUDE_IN_FRAMEWORK_HEADER = YES;
				CLANG_WARN_RANGE_LOOP_ANALYSIS = YES;
				CLANG_WARN_STRICT_PROTOTYPES = YES;
				CLANG_WARN_SUSPICIOUS_MOVE = YES;
				CLANG_WARN_UNGUARDED_AVAILABILITY = YES_AGGRESSIVE;
				CLANG_WARN_UNREACHABLE_CODE = YES;
				CLANG_WARN__DUPLICATE_METHOD_MATCH = YES;
				COPY_PHASE_STRIP = NO;
				DEBUG_INFORMATION_FORMAT = "dwarf-with-dsym";
				DEVELOPMENT_TEAM = M6P36UUCJC;
				ENABLE_NS_ASSERTIONS = NO;
				ENABLE_STRICT_OBJC_MSGSEND = YES;
				ENABLE_USER_SCRIPT_SANDBOXING = YES;
				GCC_C_LANGUAGE_STANDARD = gnu17;
				GCC_NO_COMMON_BLOCKS = YES;
				GCC_WARN_64_TO_32_BIT_CONVERSION = YES;
				GCC_WARN_ABOUT_RETURN_TYPE = YES_ERROR;
				GCC_WARN_UNDECLARED_SELECTOR = YES;
				GCC_WARN_UNINITIALIZED_AUTOS = YES_AGGRESSIVE;
				GCC_WARN_UNUSED_FUNCTION = YES;
				GCC_WARN_UNUSED_VARIABLE = YES;
				IPHONEOS_DEPLOYMENT_TARGET = 26.2;
				LOCALIZATION_PREFERS_STRING_CATALOGS = YES;
				MTL_ENABLE_DEBUG_INFO = NO;
				MTL_FAST_MATH = YES;
				SDKROOT = iphoneos;
				SWIFT_COMPILATION_MODE = wholemodule;
				VALIDATE_PRODUCT = YES;
			};
			name = Release;
		};
/* End XCBuildConfiguration section */

/* Begin XCConfigurationList section */
		8192D77A2F48957A00878BDF /* Build configuration list for PBXProject "PowerInternationalTyres-WeatherApp" */ = {
			isa = XCConfigurationList;
			buildConfigurations = (
				8192D7952F48957C00878BDF /* Debug */,
				8192D7962F48957C00878BDF /* Release */,
			);
			defaultConfigurationIsVisible = 0;
			defaultConfigurationName = Release;
		};
		8192D7922F48957C00878BDF /* Build configuration list for PBXNativeTarget "PowerInternationalTyres-WeatherApp" */ = {
			isa = XCConfigurationList;
			buildConfigurations = (
				8192D7932F48957C00878BDF /* Debug */,
				8192D7942F48957C00878BDF /* Release */,
			);
			defaultConfigurationIsVisible = 0;
			defaultConfigurationName = Release;
		};
/* End XCConfigurationList section */
	};
	rootObject = 8192D7772F48957A00878BDF /* Project object */;
}
