// !$*UTF8*$!
{
	archiveVersion = 1;
	classes = {
	};
	objectVersion = 77;
	objects = {

/* Begin PBXBuildFile section */
		8171EEAE2F49D287009E3CA1 /* WeatherProtocols.swift in Sources */ = {isa = PBXBuildFile; fileRef = 8171EEAD2F49D287009E3CA1 /* WeatherProtocols.swift */; };
		8171EEB02F49D2F8009E3CA1 /* WeatherAssembly.swift in Sources */ = {isa = PBXBuildFile; fileRef = 8171EEAF2F49D2F8009E3CA1 /* WeatherAssembly.swift */; };
		8171EEB22F49D32A009E3CA1 /* WeatherViewController.swift in Sources */ = {isa = PBXBuildFile; fileRef = 8171EEB12F49D32A009E3CA1 /* WeatherViewController.swift */; };
		8171EEB42F49D359009E3CA1 /* WeatherPresenter.swift in Sources */ = {isa = PBXBuildFile; fileRef = 8171EEB32F49D359009E3CA1 /* WeatherPresenter.swift */; };
		8171EEB62F49D367009E3CA1 /* WeatherInteractor.swift in Sources */ = {isa = PBXBuildFile; fileRef = 8171EEB52F49D367009E3CA1 /* WeatherInteractor.swift */; };
		8171EEB82F49D376009E3CA1 /* WeatherRouter.swift in Sources */ = {isa = PBXBuildFile; fileRef = 8171EEB72F49D376009E3CA1 /* WeatherRouter.swift */; };
		8171EEBA2F49D3F6009E3CA1 /* DTO.swift in Sources */ = {isa = PBXBuildFile; fileRef = 8171EEB92F49D3F6009E3CA1 /* DTO.swift */; };
		8171EEBC2F49D420009E3CA1 /* Domain Models.swift in Sources */ = {isa = PBXBuildFile; fileRef = 8171EEBB2F49D420009E3CA1 /* Domain Models.swift */; };
		8171EEBE2F49D541009E3CA1 /* WeatherMapper.swift in Sources */ = {isa = PBXBuildFile; fileRef = 8171EEBD2F49D541009E3CA1 /* WeatherMapper.swift */; };
		8171EEC02F49D57D009E3CA1 /* NetworkClient.swift in Sources */ = {isa = PBXBuildFile; fileRef = 8171EEBF2F49D57D009E3CA1 /* NetworkClient.swift */; };
		8171EEC32F49D5A0009E3CA1 /* WeatherService.swift in Sources */ = {isa = PBXBuildFile; fileRef = 8171EEC22F49D5A0009E3CA1 /* WeatherService.swift */; };
		8171EEC52F49D75B009E3CA1 /* WeatherCacheService.swift in Sources */ = {isa = PBXBuildFile; fileRef = 8171EEC42F49D75B009E3CA1 /* WeatherCacheService.swift */; };
		8171EEC72F49D84C009E3CA1 /* HourlyFilter.swift in Sources */ = {isa = PBXBuildFile; fileRef = 8171EEC62F49D84C009E3CA1 /* HourlyFilter.swift */; };
		8171EECA2F49DEA0009E3CA1 /* LocationService.swift in Sources */ = {isa = PBXBuildFile; fileRef = 8171EEC92F49DEA0009E3CA1 /* LocationService.swift */; };
		8192D7832F48957A00878BDF /* AppDelegate.swift in Sources */ = {isa = PBXBuildFile; fileRef = 8192D7822F48957A00878BDF /* AppDelegate.swift */; };
		8192D7852F48957A00878BDF /* SceneDelegate.swift in Sources */ = {isa = PBXBuildFile; fileRef = 8192D7842F48957A00878BDF /* SceneDelegate.swift */; };
		8192D78C2F48957C00878BDF /* Assets.xcassets in Resources */ = {isa = PBXBuildFile; fileRef = 8192D78B2F48957C00878BDF /* Assets.xcassets */; };
		8192D78F2F48957C00878BDF /* LaunchScreen.storyboard in Resources */ = {isa = PBXBuildFile; fileRef = 8192D78D2F48957C00878BDF /* LaunchScreen.storyboard */; };
/* End PBXBuildFile section */

/* Begin PBXFileReference section */
		8171EEAD2F49D287009E3CA1 /* WeatherProtocols.swift */ = {isa = PBXFileReference; lastKnownFileType = sourcecode.swift; path = WeatherProtocols.swift; sourceTree = "<group>"; };
		8171EEAF2F49D2F8009E3CA1 /* WeatherAssembly.swift */ = {isa = PBXFileReference; lastKnownFileType = sourcecode.swift; path = WeatherAssembly.swift; sourceTree = "<group>"; };
		8171EEB12F49D32A009E3CA1 /* WeatherViewController.swift */ = {isa = PBXFileReference; lastKnownFileType = sourcecode.swift; path = WeatherViewController.swift; sourceTree = "<group>"; };
		8171EEB32F49D359009E3CA1 /* WeatherPresenter.swift */ = {isa = PBXFileReference; lastKnownFileType = sourcecode.swift; path = WeatherPresenter.swift; sourceTree = "<group>"; };
		8171EEB52F49D367009E3CA1 /* WeatherInteractor.swift */ = {isa = PBXFileReference; lastKnownFileType = sourcecode.swift; path = WeatherInteractor.swift; sourceTree = "<group>"; };
		8171EEB72F49D376009E3CA1 /* WeatherRouter.swift */ = {isa = PBXFileReference; lastKnownFileType = sourcecode.swift; path = WeatherRouter.swift; sourceTree = "<group>"; };
		8171EEB92F49D3F6009E3CA1 /* DTO.swift */ = {isa = PBXFileReference; lastKnownFileType = sourcecode.swift; path = DTO.swift; sourceTree = "<group>"; };
		8171EEBB2F49D420009E3CA1 /* Domain Models.swift */ = {isa = PBXFileReference; lastKnownFileType = sourcecode.swift; path = "Domain Models.swift"; sourceTree = "<group>"; };
		8171EEBD2F49D541009E3CA1 /* WeatherMapper.swift */ = {isa = PBXFileReference; lastKnownFileType = sourcecode.swift; path = WeatherMapper.swift; sourceTree = "<group>"; };
		8171EEBF2F49D57D009E3CA1 /* NetworkClient.swift */ = {isa = PBXFileReference; lastKnownFileType = sourcecode.swift; path = NetworkClient.swift; sourceTree = "<group>"; };
		8171EEC22F49D5A0009E3CA1 /* WeatherService.swift */ = {isa = PBXFileReference; lastKnownFileType = sourcecode.swift; path = WeatherService.swift; sourceTree = "<group>"; };
		8171EEC42F49D75B009E3CA1 /* WeatherCacheService.swift */ = {isa = PBXFileReference; lastKnownFileType = sourcecode.swift; path = WeatherCacheService.swift; sourceTree = "<group>"; };
		8171EEC62F49D84C009E3CA1 /* HourlyFilter.swift */ = {isa = PBXFileReference; lastKnownFileType = sourcecode.swift; path = HourlyFilter.swift; sourceTree = "<group>"; };
		8171EEC92F49DEA0009E3CA1 /* LocationService.swift */ = {isa = PBXFileReference; lastKnownFileType = sourcecode.swift; path = LocationService.swift; sourceTree = "<group>"; };
		8192D77F2F48957A00878BDF /* PowerInternationalTyres-WeatherApp.app */ = {isa = PBXFileReference; explicitFileType = wrapper.application; includeInIndex = 0; path = "PowerInternationalTyres-WeatherApp.app"; sourceTree = BUILT_PRODUCTS_DIR; };
		8192D7822F48957A00878BDF /* AppDelegate.swift */ = {isa = PBXFileReference; lastKnownFileType = sourcecode.swift; path = AppDelegate.swift; sourceTree = "<group>"; };
		8192D7842F48957A00878BDF /* SceneDelegate.swift */ = {isa = PBXFileReference; lastKnownFileType = sourcecode.swift; path = SceneDelegate.swift; sourceTree = "<group>"; };
		8192D78B2F48957C00878BDF /* Assets.xcassets */ = {isa = PBXFileReference; lastKnownFileType = folder.assetcatalog; path = Assets.xcassets; sourceTree = "<group>"; };
		8192D78E2F48957C00878BDF /* Base */ = {isa = PBXFileReference; lastKnownFileType = file.storyboard; name = Base; path = Base.lproj/LaunchScreen.storyboard; sourceTree = "<group>"; };
		8192D7902F48957C00878BDF /* Info.plist */ = {isa = PBXFileReference; lastKnownFileType = text.plist.xml; path = Info.plist; sourceTree = "<group>"; };
/* End PBXFileReference section */

/* Begin PBXFrameworksBuildPhase section */
		8192D77C2F48957A00878BDF /* Frameworks */ = {
			isa = PBXFrameworksBuildPhase;
			buildActionMask = 2147483647;
			files = (
			);
			runOnlyForDeploymentPostprocessing = 0;
		};
/* End PBXFrameworksBuildPhase section */

/* Begin PBXGroup section */
		8171EE942F49D06A009E3CA1 /* Weather */ = {
			isa = PBXGroup;
			children = (
				8171EE982F49D094009E3CA1 /* Router */,
				8171EE972F49D08A009E3CA1 /* Interactor */,
				8171EE962F49D07F009E3CA1 /* Presenter */,
				8171EE952F49D078009E3CA1 /* View */,
				8171EEAD2F49D287009E3CA1 /* WeatherProtocols.swift */,
				8171EEAF2F49D2F8009E3CA1 /* WeatherAssembly.swift */,
			);
			path = Weather;
			sourceTree = "<group>";
		};
		8171EE952F49D078009E3CA1 /* View */ = {
			isa = PBXGroup;
			children = (
				8171EEB12F49D32A009E3CA1 /* WeatherViewController.swift */,
			);
			path = View;
			sourceTree = "<group>";
		};
		8171EE962F49D07F009E3CA1 /* Presenter */ = {
			isa = PBXGroup;
			children = (
				8171EEB32F49D359009E3CA1 /* WeatherPresenter.swift */,
			);
			path = Presenter;
			sourceTree = "<group>";
		};
		8171EE972F49D08A009E3CA1 /* Interactor */ = {
			isa = PBXGroup;
			children = (
				8171EEB52F49D367009E3CA1 /* WeatherInteractor.swift */,
				8171EEC62F49D84C009E3CA1 /* HourlyFilter.swift */,
			);
			path = Interactor;
			sourceTree = "<group>";
		};
		8171EE982F49D094009E3CA1 /* Router */ = {
			isa = PBXGroup;
			children = (
				8171EEB72F49D376009E3CA1 /* WeatherRouter.swift */,
			);
			path = Router;
			sourceTree = "<group>";
		};
		8171EEAB2F49D0CA009E3CA1 /* Repository */ = {
			isa = PBXGroup;
			children = (
				8171EEBD2F49D541009E3CA1 /* WeatherMapper.swift */,
			);
			path = Repository;
			sourceTree = "<group>";
		};
		8171EEAC2F49D0DB009E3CA1 /* Network */ = {
			isa = PBXGroup;
			children = (
				8171EEBF2F49D57D009E3CA1 /* NetworkClient.swift */,
			);
			path = Network;
			sourceTree = "<group>";
		};
		8171EEC12F49D598009E3CA1 /* Weather */ = {
			isa = PBXGroup;
			children = (
				8171EEC22F49D5A0009E3CA1 /* WeatherService.swift */,
				8171EEC42F49D75B009E3CA1 /* WeatherCacheService.swift */,
			);
			path = Weather;
			sourceTree = "<group>";
		};
		8171EEC82F49D9A0009E3CA1 /* Location */ = {
			isa = PBXGroup;
			children = (
				8171EEC92F49DEA0009E3CA1 /* LocationService.swift */,
			);
			path = Location;
			sourceTree = "<group>";
		};
		8192D7762F48957A00878BDF = {
			isa = PBXGroup;
			children = (
				8192D7A92F489B4000878BDF /* App */,
				8192D7AA2F489B4B00878BDF /* Core */,
				8192D7AB2F489B5200878BDF /* Entities */,
				8192D7AC2F489B7800878BDF /* Features */,
				8192D7AE2F489B9800878BDF /* Products */,
				8192D7802F48957A00878BDF /* Products */,
				8192D7AD2F489B8F00878BDF /* Resources */,
			);
			sourceTree = "<group>";
		};
		8192D7802F48957A00878BDF /* Products */ = {
			isa = PBXGroup;
			children = (
				8192D77F2F48957A00878BDF /* PowerInternationalTyres-WeatherApp.app */,
			);
			name = Products;
			sourceTree = "<group>";
		};
		8192D7A92F489B4000878BDF /* App */ = {
			isa = PBXGroup;
			children = (
				8192D7822F48957A00878BDF /* AppDelegate.swift */,
				8192D7842F48957A00878BDF /* SceneDelegate.swift */,
			);
			path = App;
			sourceTree = "<group>";
		};
		8192D7AA2F489B4B00878BDF /* Core */ = {
			isa = PBXGroup;
			children = (
				8171EEC82F49D9A0009E3CA1 /* Location */,
				8171EEC12F49D598009E3CA1 /* Weather */,
				8171EEAC2F49D0DB009E3CA1 /* Network */,
				8171EEAB2F49D0CA009E3CA1 /* Repository */,
			);
			path = Core;
			sourceTree = "<group>";
		};
		8192D7AB2F489B5200878BDF /* Entities */ = {
			isa = PBXGroup;
			children = (
				8171EEB92F49D3F6009E3CA1 /* DTO.swift */,
				8171EEBB2F49D420009E3CA1 /* Domain Models.swift */,
			);
			path = Entities;
			sourceTree = "<group>";
		};
		8192D7AC2F489B7800878BDF /* Features */ = {
			isa = PBXGroup;
			children = (
				8171EE942F49D06A009E3CA1 /* Weather */,
			);
			path = Features;
			sourceTree = "<group>";
		};
		8192D7AD2F489B8F00878BDF /* Resources */ = {
			isa = PBXGroup;
			children = (
				8192D78B2F48957C00878BDF /* Assets.xcassets */,
				8192D7902F48957C00878BDF /* Info.plist */,
				8192D78D2F48957C00878BDF /* LaunchScreen.storyboard */,
			);
			path = Resources;
			sourceTree = "<group>";
		};
		8192D7AE2F489B9800878BDF /* Products */ = {
			isa = PBXGroup;
			children = (
			);
			path = Products;
			sourceTree = "<group>";
		};
/* End PBXGroup section */

/* Begin PBXNativeTarget section */
		8192D77E2F48957A00878BDF /* PowerInternationalTyres-WeatherApp */ = {
			isa = PBXNativeTarget;
			buildConfigurationList = 8192D7922F48957C00878BDF /* Build configuration list for PBXNativeTarget "PowerInternationalTyres-WeatherApp" */;
			buildPhases = (
				8192D77B2F48957A00878BDF /* Sources */,
				8192D77C2F48957A00878BDF /* Frameworks */,
				8192D77D2F48957A00878BDF /* Resources */,
			);
			buildRules = (
			);
			dependencies = (
			);
			name = "PowerInternationalTyres-WeatherApp";
			packageProductDependencies = (
			);
			productName = "PowerInternationalTyres-WeatherApp";
			productReference = 8192D77F2F48957A00878BDF /* PowerInternationalTyres-WeatherApp.app */;
			productType = "com.apple.product-type.application";
		};
/* End PBXNativeTarget section */

/* Begin PBXProject section */
		8192D7772F48957A00878BDF /* Project object */ = {
			isa = PBXProject;
			attributes = {
				BuildIndependentTargetsInParallel = 1;
				LastSwiftUpdateCheck = 2620;
				LastUpgradeCheck = 2620;
				TargetAttributes = {
					8192D77E2F48957A00878BDF = {
						CreatedOnToolsVersion = 26.2;
					};
				};
			};
			buildConfigurationList = 8192D77A2F48957A00878BDF /* Build configuration list for PBXProject "PowerInternationalTyres-WeatherApp" */;
			developmentRegion = en;
			hasScannedForEncodings = 0;
			knownRegions = (
				en,
				Base,
			);
			mainGroup = 8192D7762F48957A00878BDF;
			minimizedProjectReferenceProxies = 1;
			preferredProjectObjectVersion = 77;
			productRefGroup = 8192D7802F48957A00878BDF /* Products */;
			projectDirPath = "";
			projectRoot = "";
			targets = (
				8192D77E2F48957A00878BDF /* PowerInternationalTyres-WeatherApp */,
			);
		};
/* End PBXProject section */

/* Begin PBXResourcesBuildPhase section */
		8192D77D2F48957A00878BDF /* Resources */ = {
			isa = PBXResourcesBuildPhase;
			buildActionMask = 2147483647;
			files = (
				8192D78F2F48957C00878BDF /* LaunchScreen.storyboard in Resources */,
				8192D78C2F48957C00878BDF /* Assets.xcassets in Resources */,
			);
			runOnlyForDeploymentPostprocessing = 0;
		};
/* End PBXResourcesBuildPhase section */

/* Begin PBXSourcesBuildPhase section */
		8192D77B2F48957A00878BDF /* Sources */ = {
			isa = PBXSourcesBuildPhase;
			buildActionMask = 2147483647;
			files = (
				8171EEBE2F49D541009E3CA1 /* WeatherMapper.swift in Sources */,
				8192D7832F48957A00878BDF /* AppDelegate.swift in Sources */,
				8171EEB42F49D359009E3CA1 /* WeatherPresenter.swift in Sources */,
				8171EEBC2F49D420009E3CA1 /* Domain Models.swift in Sources */,
				8171EEB22F49D32A009E3CA1 /* WeatherViewController.swift in Sources */,
				8171EEBA2F49D3F6009E3CA1 /* DTO.swift in Sources */,
				8171EEAE2F49D287009E3CA1 /* WeatherProtocols.swift in Sources */,
				8192D7852F48957A00878BDF /* SceneDelegate.swift in Sources */,
				8171EEB02F49D2F8009E3CA1 /* WeatherAssembly.swift in Sources */,
				8171EEB62F49D367009E3CA1 /* WeatherInteractor.swift in Sources */,
				8171EECA2F49DEA0009E3CA1 /* LocationService.swift in Sources */,
				8171EEB82F49D376009E3CA1 /* WeatherRouter.swift in Sources */,
				8171EEC72F49D84C009E3CA1 /* HourlyFilter.swift in Sources */,
				8171EEC52F49D75B009E3CA1 /* WeatherCacheService.swift in Sources */,
				8171EEC02F49D57D009E3CA1 /* NetworkClient.swift in Sources */,
				8171EEC32F49D5A0009E3CA1 /* WeatherService.swift in Sources */,
			);
			runOnlyForDeploymentPostprocessing = 0;
		};
/* End PBXSourcesBuildPhase section */

/* Begin PBXVariantGroup section */
		8192D78D2F48957C00878BDF /* LaunchScreen.storyboard */ = {
			isa = PBXVariantGroup;
			children = (
				8192D78E2F48957C00878BDF /* Base */,
			);
			name = LaunchScreen.storyboard;
			sourceTree = "<group>";
		};
/* End PBXVariantGroup section */

/* Begin XCBuildConfiguration section */
		8192D7932F48957C00878BDF /* Debug */ = {
			isa = XCBuildConfiguration;
			buildSettings = {
				ASSETCATALOG_COMPILER_APPICON_NAME = AppIcon;
				ASSETCATALOG_COMPILER_GLOBAL_ACCENT_COLOR_NAME = AccentColor;
				CODE_SIGN_STYLE = Automatic;
				CURRENT_PROJECT_VERSION = 1;
				DEVELOPMENT_TEAM = M6P36UUCJC;
				GENERATE_INFOPLIST_FILE = YES;
				INFOPLIST_FILE = Resources/Info.plist;
				INFOPLIST_KEY_NSLocationWhenInUseUsageDescription = "Geolocation is necessary to display personalized weather data.";
				INFOPLIST_KEY_UIApplicationSupportsIndirectInputEvents = YES;
				INFOPLIST_KEY_UILaunchStoryboardName = LaunchScreen;
				INFOPLIST_KEY_UISupportedInterfaceOrientations = UIInterfaceOrientationPortrait;
				INFOPLIST_KEY_UISupportedInterfaceOrientations_iPad = "UIInterfaceOrientationLandscapeLeft UIInterfaceOrientationLandscapeRight UIInterfaceOrientationPortrait UIInterfaceOrientationPortraitUpsideDown";
				IPHONEOS_DEPLOYMENT_TARGET = 15.0;
				LD_RUNPATH_SEARCH_PATHS = (
					"$(inherited)",
					"@executable_path/Frameworks",
				);
				MARKETING_VERSION = 1.0;
				PRODUCT_BUNDLE_IDENTIFIER = "MikhailEgorov.PowerInternationalTyres-WeatherApp";
				PRODUCT_NAME = "$(TARGET_NAME)";
				STRING_CATALOG_GENERATE_SYMBOLS = YES;
				SUPPORTED_PLATFORMS = "iphoneos iphonesimulator";
				SUPPORTS_MACCATALYST = NO;
				SUPPORTS_MAC_DESIGNED_FOR_IPHONE_IPAD = NO;
				SUPPORTS_XR_DESIGNED_FOR_IPHONE_IPAD = NO;
				SWIFT_APPROACHABLE_CONCURRENCY = YES;
				SWIFT_DEFAULT_ACTOR_ISOLATION = MainActor;
				SWIFT_EMIT_LOC_STRINGS = YES;
				SWIFT_UPCOMING_FEATURE_MEMBER_IMPORT_VISIBILITY = YES;
				SWIFT_VERSION = 5.0;
				TARGETED_DEVICE_FAMILY = 1;
			};
			name = Debug;
		};
		8192D7942F48957C00878BDF /* Release */ = {
			isa = XCBuildConfiguration;
			buildSettings = {
				ASSETCATALOG_COMPILER_APPICON_NAME = AppIcon;
				ASSETCATALOG_COMPILER_GLOBAL_ACCENT_COLOR_NAME = AccentColor;
				CODE_SIGN_STYLE = Automatic;
				CURRENT_PROJECT_VERSION = 1;
				DEVELOPMENT_TEAM = M6P36UUCJC;
				GENERATE_INFOPLIST_FILE = YES;
				INFOPLIST_FILE = Resources/Info.plist;
				INFOPLIST_KEY_NSLocationWhenInUseUsageDescription = "Geolocation is necessary to display personalized weather data.";
				INFOPLIST_KEY_UIApplicationSupportsIndirectInputEvents = YES;
				INFOPLIST_KEY_UILaunchStoryboardName = LaunchScreen;
				INFOPLIST_KEY_UISupportedInterfaceOrientations = UIInterfaceOrientationPortrait;
				INFOPLIST_KEY_UISupportedInterfaceOrientations_iPad = "UIInterfaceOrientationLandscapeLeft UIInterfaceOrientationLandscapeRight UIInterfaceOrientationPortrait UIInterfaceOrientationPortraitUpsideDown";
				IPHONEOS_DEPLOYMENT_TARGET = 15.0;
				LD_RUNPATH_SEARCH_PATHS = (
					"$(inherited)",
					"@executable_path/Frameworks",
				);
				MARKETING_VERSION = 1.0;
				PRODUCT_BUNDLE_IDENTIFIER = "MikhailEgorov.PowerInternationalTyres-WeatherApp";
				PRODUCT_NAME = "$(TARGET_NAME)";
				STRING_CATALOG_GENERATE_SYMBOLS = YES;
				SUPPORTED_PLATFORMS = "iphoneos iphonesimulator";
				SUPPORTS_MACCATALYST = NO;
				SUPPORTS_MAC_DESIGNED_FOR_IPHONE_IPAD = NO;
				SUPPORTS_XR_DESIGNED_FOR_IPHONE_IPAD = NO;
				SWIFT_APPROACHABLE_CONCURRENCY = YES;
				SWIFT_DEFAULT_ACTOR_ISOLATION = MainActor;
				SWIFT_EMIT_LOC_STRINGS = YES;
				SWIFT_UPCOMING_FEATURE_MEMBER_IMPORT_VISIBILITY = YES;
				SWIFT_VERSION = 5.0;
				TARGETED_DEVICE_FAMILY = 1;
			};
			name = Release;
		};
		8192D7952F48957C00878BDF /* Debug */ = {
			isa = XCBuildConfiguration;
			buildSettings = {
				ALWAYS_SEARCH_USER_PATHS = NO;
				ASSETCATALOG_COMPILER_GENERATE_SWIFT_ASSET_SYMBOL_EXTENSIONS = YES;
				CLANG_ANALYZER_NONNULL = YES;
				CLANG_ANALYZER_NUMBER_OBJECT_CONVERSION = YES_AGGRESSIVE;
				CLANG_CXX_LANGUAGE_STANDARD = "gnu++20";
				CLANG_ENABLE_MODULES = YES;
				CLANG_ENABLE_OBJC_ARC = YES;
				CLANG_ENABLE_OBJC_WEAK = YES;
				CLANG_WARN_BLOCK_CAPTURE_AUTORELEASING = YES;
				CLANG_WARN_BOOL_CONVERSION = YES;
				CLANG_WARN_COMMA = YES;
				CLANG_WARN_CONSTANT_CONVERSION = YES;
				CLANG_WARN_DEPRECATED_OBJC_IMPLEMENTATIONS = YES;
				CLANG_WARN_DIRECT_OBJC_ISA_USAGE = YES_ERROR;
				CLANG_WARN_DOCUMENTATION_COMMENTS = YES;
				CLANG_WARN_EMPTY_BODY = YES;
				CLANG_WARN_ENUM_CONVERSION = YES;
				CLANG_WARN_INFINITE_RECURSION = YES;
				CLANG_WARN_INT_CONVERSION = YES;
				CLANG_WARN_NON_LITERAL_NULL_CONVERSION = YES;
				CLANG_WARN_OBJC_IMPLICIT_RETAIN_SELF = YES;
				CLANG_WARN_OBJC_LITERAL_CONVERSION = YES;
				CLANG_WARN_OBJC_ROOT_CLASS = YES_ERROR;
				CLANG_WARN_QUOTED_INCLUDE_IN_FRAMEWORK_HEADER = YES;
				CLANG_WARN_RANGE_LOOP_ANALYSIS = YES;
				CLANG_WARN_STRICT_PROTOTYPES = YES;
				CLANG_WARN_SUSPICIOUS_MOVE = YES;
				CLANG_WARN_UNGUARDED_AVAILABILITY = YES_AGGRESSIVE;
				CLANG_WARN_UNREACHABLE_CODE = YES;
				CLANG_WARN__DUPLICATE_METHOD_MATCH = YES;
				COPY_PHASE_STRIP = NO;
				DEBUG_INFORMATION_FORMAT = dwarf;
				DEVELOPMENT_TEAM = M6P36UUCJC;
				ENABLE_STRICT_OBJC_MSGSEND = YES;
				ENABLE_TESTABILITY = YES;
				ENABLE_USER_SCRIPT_SANDBOXING = YES;
				GCC_C_LANGUAGE_STANDARD = gnu17;
				GCC_DYNAMIC_NO_PIC = NO;
				GCC_NO_COMMON_BLOCKS = YES;
				GCC_OPTIMIZATION_LEVEL = 0;
				GCC_PREPROCESSOR_DEFINITIONS = (
					"DEBUG=1",
					"$(inherited)",
				);
				GCC_WARN_64_TO_32_BIT_CONVERSION = YES;
				GCC_WARN_ABOUT_RETURN_TYPE = YES_ERROR;
				GCC_WARN_UNDECLARED_SELECTOR = YES;
				GCC_WARN_UNINITIALIZED_AUTOS = YES_AGGRESSIVE;
				GCC_WARN_UNUSED_FUNCTION = YES;
				GCC_WARN_UNUSED_VARIABLE = YES;
				IPHONEOS_DEPLOYMENT_TARGET = 26.2;
				LOCALIZATION_PREFERS_STRING_CATALOGS = YES;
				MTL_ENABLE_DEBUG_INFO = INCLUDE_SOURCE;
				MTL_FAST_MATH = YES;
				ONLY_ACTIVE_ARCH = YES;
				SDKROOT = iphoneos;
				SWIFT_ACTIVE_COMPILATION_CONDITIONS = "DEBUG $(inherited)";
				SWIFT_OPTIMIZATION_LEVEL = "-Onone";
			};
			name = Debug;
		};
		8192D7962F48957C00878BDF /* Release */ = {
			isa = XCBuildConfiguration;
			buildSettings = {
				ALWAYS_SEARCH_USER_PATHS = NO;
				ASSETCATALOG_COMPILER_GENERATE_SWIFT_ASSET_SYMBOL_EXTENSIONS = YES;
				CLANG_ANALYZER_NONNULL = YES;
				CLANG_ANALYZER_NUMBER_OBJECT_CONVERSION = YES_AGGRESSIVE;
				CLANG_CXX_LANGUAGE_STANDARD = "gnu++20";
				CLANG_ENABLE_MODULES = YES;
				CLANG_ENABLE_OBJC_ARC = YES;
				CLANG_ENABLE_OBJC_WEAK = YES;
				CLANG_WARN_BLOCK_CAPTURE_AUTORELEASING = YES;
				CLANG_WARN_BOOL_CONVERSION = YES;
				CLANG_WARN_COMMA = YES;
				CLANG_WARN_CONSTANT_CONVERSION = YES;
				CLANG_WARN_DEPRECATED_OBJC_IMPLEMENTATIONS = YES;
				CLANG_WARN_DIRECT_OBJC_ISA_USAGE = YES_ERROR;
				CLANG_WARN_DOCUMENTATION_COMMENTS = YES;
				CLANG_WARN_EMPTY_BODY = YES;
				CLANG_WARN_ENUM_CONVERSION = YES;
				CLANG_WARN_INFINITE_RECURSION = YES;
				CLANG_WARN_INT_CONVERSION = YES;
				CLANG_WARN_NON_LITERAL_NULL_CONVERSION = YES;
				CLANG_WARN_OBJC_IMPLICIT_RETAIN_SELF = YES;
				CLANG_WARN_OBJC_LITERAL_CONVERSION = YES;
				CLANG_WARN_OBJC_ROOT_CLASS = YES_ERROR;
				CLANG_WARN_QUOTED_INCLUDE_IN_FRAMEWORK_HEADER = YES;
				CLANG_WARN_RANGE_LOOP_ANALYSIS = YES;
				CLANG_WARN_STRICT_PROTOTYPES = YES;
				CLANG_WARN_SUSPICIOUS_MOVE = YES;
				CLANG_WARN_UNGUARDED_AVAILABILITY = YES_AGGRESSIVE;
				CLANG_WARN_UNREACHABLE_CODE = YES;
				CLANG_WARN__DUPLICATE_METHOD_MATCH = YES;
				COPY_PHASE_STRIP = NO;
				DEBUG_INFORMATION_FORMAT = "dwarf-with-dsym";
				DEVELOPMENT_TEAM = M6P36UUCJC;
				ENABLE_NS_ASSERTIONS = NO;
				ENABLE_STRICT_OBJC_MSGSEND = YES;
				ENABLE_USER_SCRIPT_SANDBOXING = YES;
				GCC_C_LANGUAGE_STANDARD = gnu17;
				GCC_NO_COMMON_BLOCKS = YES;
				GCC_WARN_64_TO_32_BIT_CONVERSION = YES;
				GCC_WARN_ABOUT_RETURN_TYPE = YES_ERROR;
				GCC_WARN_UNDECLARED_SELECTOR = YES;
				GCC_WARN_UNINITIALIZED_AUTOS = YES_AGGRESSIVE;
				GCC_WARN_UNUSED_FUNCTION = YES;
				GCC_WARN_UNUSED_VARIABLE = YES;
				IPHONEOS_DEPLOYMENT_TARGET = 26.2;
				LOCALIZATION_PREFERS_STRING_CATALOGS = YES;
				MTL_ENABLE_DEBUG_INFO = NO;
				MTL_FAST_MATH = YES;
				SDKROOT = iphoneos;
				SWIFT_COMPILATION_MODE = wholemodule;
				VALIDATE_PRODUCT = YES;
			};
			name = Release;
		};
/* End XCBuildConfiguration section */

/* Begin XCConfigurationList section */
		8192D77A2F48957A00878BDF /* Build configuration list for PBXProject "PowerInternationalTyres-WeatherApp" */ = {
			isa = XCConfigurationList;
			buildConfigurations = (
				8192D7952F48957C00878BDF /* Debug */,
				8192D7962F48957C00878BDF /* Release */,
			);
			defaultConfigurationIsVisible = 0;
			defaultConfigurationName = Release;
		};
		8192D7922F48957C00878BDF /* Build configuration list for PBXNativeTarget "PowerInternationalTyres-WeatherApp" */ = {
			isa = XCConfigurationList;
			buildConfigurations = (
				8192D7932F48957C00878BDF /* Debug */,
				8192D7942F48957C00878BDF /* Release */,
			);
			defaultConfigurationIsVisible = 0;
			defaultConfigurationName = Release;
		};
/* End XCConfigurationList section */
	};
	rootObject = 8192D7772F48957A00878BDF /* Project object */;
}
